<?xml version="1.0" encoding="utf-8"?>
<Project ToolsVersion="4.0" xmlns="http://schemas.microsoft.com/developer/msbuild/2003">
  <ItemGroup>
    <ClInclude Include="include\WaitUntilIdleTask.h">
      <Filter>include</Filter>
    </ClInclude>
    <ClInclude Include="include\VisibilitySystem.h">
      <Filter>include</Filter>
    </ClInclude>
    <ClInclude Include="include\Utilities.h">
      <Filter>include</Filter>
    </ClInclude>
    <ClInclude Include="include\UIManager.h">
      <Filter>include</Filter>
    </ClInclude>
    <ClInclude Include="include\UIComponent.h">
      <Filter>include</Filter>
    </ClInclude>
    <ClInclude Include="include\TurnToTargetTask.h">
      <Filter>include</Filter>
    </ClInclude>
    <ClInclude Include="include\TileTypes.h">
      <Filter>include</Filter>
    </ClInclude>
    <ClInclude Include="include\TileMap.h">
      <Filter>include</Filter>
    </ClInclude>
    <ClInclude Include="include\TileFadeSystem.h">
      <Filter>include</Filter>
    </ClInclude>
    <ClInclude Include="include\Tile.h">
      <Filter>include</Filter>
    </ClInclude>
    <ClInclude Include="include\TickingSpelllEffect.h">
      <Filter>include</Filter>
    </ClInclude>
    <ClInclude Include="include\TextureIdentifiers.h">
      <Filter>include</Filter>
    </ClInclude>
    <ClInclude Include="include\TextButton.h">
      <Filter>include</Filter>
    </ClInclude>
    <ClInclude Include="include\SystemManager.h">
      <Filter>include</Filter>
    </ClInclude>
    <ClInclude Include="include\SystemContext.h">
      <Filter>include</Filter>
    </ClInclude>
    <ClInclude Include="include\StatusIconDisplaySystem.h">
      <Filter>include</Filter>
    </ClInclude>
    <ClInclude Include="include\StatisticsShopCategory.h">
      <Filter>include</Filter>
    </ClInclude>
    <ClInclude Include="include\StateManager.h">
      <Filter>include</Filter>
    </ClInclude>
    <ClInclude Include="include\StateIdentifiers.h">
      <Filter>include</Filter>
    </ClInclude>
    <ClInclude Include="include\SpellSystem.h">
      <Filter>include</Filter>
    </ClInclude>
    <ClInclude Include="include\SpellIdentifiers.h">
      <Filter>include</Filter>
    </ClInclude>
    <ClInclude Include="include\SpellHolder.h">
      <Filter>include</Filter>
    </ClInclude>
    <ClInclude Include="include\SpellEffectSystem.h">
      <Filter>include</Filter>
    </ClInclude>
    <ClInclude Include="include\SpellData.h">
      <Filter>include</Filter>
    </ClInclude>
    <ClInclude Include="include\SpellcraftShopCategory.h">
      <Filter>include</Filter>
    </ClInclude>
    <ClInclude Include="include\ShopData.h">
      <Filter>include</Filter>
    </ClInclude>
    <ClInclude Include="include\Shop.h">
      <Filter>include</Filter>
    </ClInclude>
    <ClInclude Include="include\RegenSpellUpgradeStrategy.h">
      <Filter>include</Filter>
    </ClInclude>
    <ClInclude Include="include\RegenerationVisualEffect.h">
      <Filter>include</Filter>
    </ClInclude>
    <ClInclude Include="include\RegenerationSystem.h">
      <Filter>include</Filter>
    </ClInclude>
    <ClInclude Include="include\Random.h">
      <Filter>include</Filter>
    </ClInclude>
    <ClInclude Include="include\ProjectileSystem.h">
      <Filter>include</Filter>
    </ClInclude>
    <ClInclude Include="include\ProjectileSpellUpgradeStrategy.h">
      <Filter>include</Filter>
    </ClInclude>
    <ClInclude Include="include\PositionToAttackTask.h">
      <Filter>include</Filter>
    </ClInclude>
    <ClInclude Include="include\PositioningAISystem.h">
      <Filter>include</Filter>
    </ClInclude>
    <ClInclude Include="include\PlayerStatusUI.h">
      <Filter>include</Filter>
    </ClInclude>
    <ClInclude Include="include\PlayerResourcesUI.h">
      <Filter>include</Filter>
    </ClInclude>
    <ClInclude Include="include\pch.h">
      <Filter>include</Filter>
    </ClInclude>
    <ClInclude Include="include\PatrolTask.h">
      <Filter>include</Filter>
    </ClInclude>
    <ClInclude Include="include\PatrolAISystem.h">
      <Filter>include</Filter>
    </ClInclude>
    <ClInclude Include="include\PathRequestSystem.h">
      <Filter>include</Filter>
    </ClInclude>
    <ClInclude Include="include\PathFollowSystem.h">
      <Filter>include</Filter>
    </ClInclude>
    <ClInclude Include="include\Pathfinder.h">
      <Filter>include</Filter>
    </ClInclude>
    <ClInclude Include="include\Parser.h">
      <Filter>include</Filter>
    </ClInclude>
    <ClInclude Include="include\OptionsState.h">
      <Filter>include</Filter>
    </ClInclude>
    <ClInclude Include="include\OptionSelector.h">
      <Filter>include</Filter>
    </ClInclude>
    <ClInclude Include="include\OnHitSystem.h">
      <Filter>include</Filter>
    </ClInclude>
    <ClInclude Include="include\MovementSystem.h">
      <Filter>include</Filter>
    </ClInclude>
    <ClInclude Include="include\MovementSlowSpellEffect.h">
      <Filter>include</Filter>
    </ClInclude>
    <ClInclude Include="include\MovementFrozenSpellEffect.h">
      <Filter>include</Filter>
    </ClInclude>
    <ClInclude Include="include\MessageTypes.h">
      <Filter>include</Filter>
    </ClInclude>
    <ClInclude Include="include\MessageLogUI.h">
      <Filter>include</Filter>
    </ClInclude>
    <ClInclude Include="include\MenuState.h">
      <Filter>include</Filter>
    </ClInclude>
    <ClInclude Include="include\LoadingState.h">
      <Filter>include</Filter>
    </ClInclude>
    <ClInclude Include="include\IVisualEffect.h">
      <Filter>include</Filter>
    </ClInclude>
    <ClInclude Include="include\ITask.h">
      <Filter>include</Filter>
    </ClInclude>
    <ClInclude Include="include\ISystem.h">
      <Filter>include</Filter>
    </ClInclude>
    <ClInclude Include="include\IState.h">
      <Filter>include</Filter>
    </ClInclude>
    <ClInclude Include="include\ISpellUpgradeStrategy.h">
      <Filter>include</Filter>
    </ClInclude>
    <ClInclude Include="include\ISpellEffect.h">
      <Filter>include</Filter>
    </ClInclude>
    <ClInclude Include="include\IShopCategory.h">
      <Filter>include</Filter>
    </ClInclude>
    <ClInclude Include="include\InputSystem.h">
      <Filter>include</Filter>
    </ClInclude>
    <ClInclude Include="include\IMapGenerator.h">
      <Filter>include</Filter>
    </ClInclude>
    <ClInclude Include="include\IBehavior.h">
      <Filter>include</Filter>
    </ClInclude>
    <ClInclude Include="include\IAOESpell.h">
      <Filter>include</Filter>
    </ClInclude>
    <ClInclude Include="include\HealSpellSystem.h">
      <Filter>include</Filter>
    </ClInclude>
    <ClInclude Include="include\HealingSpellUpgradeStrategy.h">
      <Filter>include</Filter>
    </ClInclude>
    <ClInclude Include="include\GlowUpVisualEffect.h">
      <Filter>include</Filter>
    </ClInclude>
    <ClInclude Include="include\GameState.h">
      <Filter>include</Filter>
    </ClInclude>
    <ClInclude Include="include\GameEvents.h">
      <Filter>include</Filter>
    </ClInclude>
    <ClInclude Include="include\GameContext.h">
      <Filter>include</Filter>
    </ClInclude>
    <ClInclude Include="include\FrostPillarSpell.h">
      <Filter>include</Filter>
    </ClInclude>
    <ClInclude Include="include\FontIdentifiers.h">
      <Filter>include</Filter>
    </ClInclude>
    <ClInclude Include="include\FireBurnSpellEffect.h">
      <Filter>include</Filter>
    </ClInclude>
    <ClInclude Include="include\FileHandler.h">
      <Filter>include</Filter>
    </ClInclude>
    <ClInclude Include="include\EventManager.h">
      <Filter>include</Filter>
    </ClInclude>
    <ClInclude Include="include\EntityTypes.h">
      <Filter>include</Filter>
    </ClInclude>
    <ClInclude Include="include\EntityStates.h">
      <Filter>include</Filter>
    </ClInclude>
    <ClInclude Include="include\EntitySpawnerSystem.h">
      <Filter>include</Filter>
    </ClInclude>
    <ClInclude Include="include\EntityRenderSystem.h">
      <Filter>include</Filter>
    </ClInclude>
    <ClInclude Include="include\EntityManager.h">
      <Filter>include</Filter>
    </ClInclude>
    <ClInclude Include="include\EntityFactory.h">
      <Filter>include</Filter>
    </ClInclude>
    <ClInclude Include="include\EntityDeathSystem.h">
      <Filter>include</Filter>
    </ClInclude>
    <ClInclude Include="include\EntityDataRepository.h">
      <Filter>include</Filter>
    </ClInclude>
    <ClInclude Include="include\EntityAIState.h">
      <Filter>include</Filter>
    </ClInclude>
    <ClInclude Include="include\Entity.h">
      <Filter>include</Filter>
    </ClInclude>
    <ClInclude Include="include\Engine.h">
      <Filter>include</Filter>
    </ClInclude>
    <ClInclude Include="include\EffectSystem.h">
      <Filter>include</Filter>
    </ClInclude>
    <ClInclude Include="include\DungeonGenerator.h">
      <Filter>include</Filter>
    </ClInclude>
    <ClInclude Include="include\Directions.h">
      <Filter>include</Filter>
    </ClInclude>
    <ClInclude Include="include\DelayTask.h">
      <Filter>include</Filter>
    </ClInclude>
    <ClInclude Include="include\Config.h">
      <Filter>include</Filter>
    </ClInclude>
    <ClInclude Include="include\ConceptDefinitions.h">
      <Filter>include</Filter>
    </ClInclude>
    <ClInclude Include="include\Components.h">
      <Filter>include</Filter>
    </ClInclude>
    <ClInclude Include="include\CollisionSystem.h">
      <Filter>include</Filter>
    </ClInclude>
    <ClInclude Include="include\ChaseTask.h">
      <Filter>include</Filter>
    </ClInclude>
    <ClInclude Include="include\ChaseAISystem.h">
      <Filter>include</Filter>
    </ClInclude>
    <ClInclude Include="include\CameraSystem.h">
      <Filter>include</Filter>
    </ClInclude>
    <ClInclude Include="include\BladeArtsShopCategory.h">
      <Filter>include</Filter>
    </ClInclude>
    <ClInclude Include="include\BehaviorContext.h">
      <Filter>include</Filter>
    </ClInclude>
    <ClInclude Include="include\BehaviorAIUpdateSystem.h">
      <Filter>include</Filter>
    </ClInclude>
    <ClInclude Include="include\BasicRangedBehavior.h">
      <Filter>include</Filter>
    </ClInclude>
    <ClInclude Include="include\BasicMeleeBehavior.h">
      <Filter>include</Filter>
    </ClInclude>
    <ClInclude Include="include\BarRenderSystem.h">
      <Filter>include</Filter>
    </ClInclude>
    <ClInclude Include="include\AttackTask.h">
      <Filter>include</Filter>
    </ClInclude>
    <ClInclude Include="include\AttackSystem.h">
      <Filter>include</Filter>
    </ClInclude>
    <ClInclude Include="include\AttackData.h">
      <Filter>include</Filter>
    </ClInclude>
    <ClInclude Include="include\AssetManager.h">
      <Filter>include</Filter>
    </ClInclude>
    <ClInclude Include="include\AreaOfEffectSpellSystem.h">
      <Filter>include</Filter>
    </ClInclude>
    <ClInclude Include="include\AnimationSystem.h">
      <Filter>include</Filter>
    </ClInclude>
    <ClInclude Include="include\AnimationIdentifiers.h">
      <Filter>include</Filter>
    </ClInclude>
    <ClInclude Include="include\AnimationHolder.h">
      <Filter>include</Filter>
    </ClInclude>
    <ClInclude Include="include\AnimationFrame.h">
      <Filter>include</Filter>
    </ClInclude>
    <ClInclude Include="include\ActionSelectionUI.h">
      <Filter>include</Filter>
    </ClInclude>
    <ClInclude Include="include\BladeDanceSpell.h">
      <Filter>include</Filter>
    </ClInclude>
    <ClInclude Include="include\AOEUpgradeStrategy.h">
      <Filter>include</Filter>
    </ClInclude>
    <ClInclude Include="include\ToxicCloudSpell.h">
      <Filter>include</Filter>
    </ClInclude>
    <ClInclude Include="include\ThunderstormSpell.h">
      <Filter>include</Filter>
    </ClInclude>
    <ClInclude Include="include\LevelAdvanceSystem.h">
      <Filter>include</Filter>
    </ClInclude>
    <ClInclude Include="include\PauseMenuUI.h">
      <Filter>include</Filter>
    </ClInclude>
    <ClInclude Include="include\GameOverUI.h">
      <Filter>include</Filter>
    </ClInclude>
    <ClInclude Include="include\GameStatisticsSystem.h">
      <Filter>include</Filter>
    </ClInclude>
    <ClInclude Include="include\GameStatisticTypes.h">
      <Filter>include</Filter>
    </ClInclude>
    <ClInclude Include="include\CaveGenerator.h">
      <Filter>include</Filter>
    </ClInclude>
    <ClInclude Include="include\RayBehavior.h">
      <Filter>include</Filter>
    </ClInclude>
    <ClInclude Include="include\BeamSpell.h">
      <Filter>include</Filter>
    </ClInclude>
    <ClInclude Include="include\BeamSystem.h">
      <Filter>include</Filter>
    </ClInclude>
    <ClInclude Include="include\BeamData.h">
      <Filter>include</Filter>
    </ClInclude>
    <ClInclude Include="include\CastSpellTask.h">
      <Filter>include</Filter>
    </ClInclude>
    <ClInclude Include="include\CreditsState.h">
      <Filter>include</Filter>
    </ClInclude>
    <ClInclude Include="include\AboutState.h">
      <Filter>include</Filter>
    </ClInclude>
  </ItemGroup>
  <ItemGroup>
    <Filter Include="include">
      <UniqueIdentifier>{241c6199-dd8f-4152-bb81-a3e58f207fdf}</UniqueIdentifier>
    </Filter>
    <Filter Include="src">
      <UniqueIdentifier>{254f4e88-bf76-4eec-89cf-75a6cfc02d27}</UniqueIdentifier>
    </Filter>
  </ItemGroup>
  <ItemGroup>
    <ClCompile Include="src\ActionSelectionUI.cpp">
      <Filter>src</Filter>
    </ClCompile>
    <ClCompile Include="src\AnimationHolder.cpp">
      <Filter>src</Filter>
    </ClCompile>
    <ClCompile Include="src\AnimationSystem.cpp">
      <Filter>src</Filter>
    </ClCompile>
    <ClCompile Include="src\AreaOfEffectSpellSystem.cpp">
      <Filter>src</Filter>
    </ClCompile>
    <ClCompile Include="src\AttackSystem.cpp">
      <Filter>src</Filter>
    </ClCompile>
    <ClCompile Include="src\AttackTask.cpp">
      <Filter>src</Filter>
    </ClCompile>
    <ClCompile Include="src\BarRenderSystem.cpp">
      <Filter>src</Filter>
    </ClCompile>
    <ClCompile Include="src\BasicMeleeBehavior.cpp">
      <Filter>src</Filter>
    </ClCompile>
    <ClCompile Include="src\BasicRangedBehavior.cpp">
      <Filter>src</Filter>
    </ClCompile>
    <ClCompile Include="src\BehaviorAIUpdateSystem.cpp">
      <Filter>src</Filter>
    </ClCompile>
    <ClCompile Include="src\BladeArtsShopCategory.cpp">
      <Filter>src</Filter>
    </ClCompile>
    <ClCompile Include="src\CameraSystem.cpp">
      <Filter>src</Filter>
    </ClCompile>
    <ClCompile Include="src\ChaseAISystem.cpp">
      <Filter>src</Filter>
    </ClCompile>
    <ClCompile Include="src\ChaseTask.cpp">
      <Filter>src</Filter>
    </ClCompile>
    <ClCompile Include="src\CollisionSystem.cpp">
      <Filter>src</Filter>
    </ClCompile>
    <ClCompile Include="src\Config.cpp">
      <Filter>src</Filter>
    </ClCompile>
    <ClCompile Include="src\DelayTask.cpp">
      <Filter>src</Filter>
    </ClCompile>
    <ClCompile Include="src\DungeonGenerator.cpp">
      <Filter>src</Filter>
    </ClCompile>
    <ClCompile Include="src\EffectSystem.cpp">
      <Filter>src</Filter>
    </ClCompile>
    <ClCompile Include="src\Engine.cpp">
      <Filter>src</Filter>
    </ClCompile>
    <ClCompile Include="src\Entity.cpp">
      <Filter>src</Filter>
    </ClCompile>
    <ClCompile Include="src\EntityDataRepository.cpp">
      <Filter>src</Filter>
    </ClCompile>
    <ClCompile Include="src\EntityDeathSystem.cpp">
      <Filter>src</Filter>
    </ClCompile>
    <ClCompile Include="src\EntityFactory.cpp">
      <Filter>src</Filter>
    </ClCompile>
    <ClCompile Include="src\EntityManager.cpp">
      <Filter>src</Filter>
    </ClCompile>
    <ClCompile Include="src\EntityRenderSystem.cpp">
      <Filter>src</Filter>
    </ClCompile>
    <ClCompile Include="src\EntitySpawnerSystem.cpp">
      <Filter>src</Filter>
    </ClCompile>
    <ClCompile Include="src\EventManager.cpp">
      <Filter>src</Filter>
    </ClCompile>
    <ClCompile Include="src\FileHandler.cpp">
      <Filter>src</Filter>
    </ClCompile>
    <ClCompile Include="src\FireBurnSpellEffect.cpp">
      <Filter>src</Filter>
    </ClCompile>
    <ClCompile Include="src\FrostPillarSpell.cpp">
      <Filter>src</Filter>
    </ClCompile>
    <ClCompile Include="src\GameState.cpp">
      <Filter>src</Filter>
    </ClCompile>
    <ClCompile Include="src\GlowUpVisualEffect.cpp">
      <Filter>src</Filter>
    </ClCompile>
    <ClCompile Include="src\HealingSpellUpgradeStrategy.cpp">
      <Filter>src</Filter>
    </ClCompile>
    <ClCompile Include="src\HealSpellSystem.cpp">
      <Filter>src</Filter>
    </ClCompile>
    <ClCompile Include="src\IAOESpell.cpp">
      <Filter>src</Filter>
    </ClCompile>
    <ClCompile Include="src\IBehavior.cpp">
      <Filter>src</Filter>
    </ClCompile>
    <ClCompile Include="src\IMapGenerator.cpp">
      <Filter>src</Filter>
    </ClCompile>
    <ClCompile Include="src\InputSystem.cpp">
      <Filter>src</Filter>
    </ClCompile>
    <ClCompile Include="src\IShopCategory.cpp">
      <Filter>src</Filter>
    </ClCompile>
    <ClCompile Include="src\ISpellEffect.cpp">
      <Filter>src</Filter>
    </ClCompile>
    <ClCompile Include="src\ISpellUpgradeStrategy.cpp">
      <Filter>src</Filter>
    </ClCompile>
    <ClCompile Include="src\IState.cpp">
      <Filter>src</Filter>
    </ClCompile>
    <ClCompile Include="src\ISystem.cpp">
      <Filter>src</Filter>
    </ClCompile>
    <ClCompile Include="src\ITask.cpp">
      <Filter>src</Filter>
    </ClCompile>
    <ClCompile Include="src\IVisualEffect.cpp">
      <Filter>src</Filter>
    </ClCompile>
    <ClCompile Include="src\LoadingState.cpp">
      <Filter>src</Filter>
    </ClCompile>
    <ClCompile Include="src\main.cpp">
      <Filter>src</Filter>
    </ClCompile>
    <ClCompile Include="src\MenuState.cpp">
      <Filter>src</Filter>
    </ClCompile>
    <ClCompile Include="src\MessageLogUI.cpp">
      <Filter>src</Filter>
    </ClCompile>
    <ClCompile Include="src\MovementFrozenSpellEffect.cpp">
      <Filter>src</Filter>
    </ClCompile>
    <ClCompile Include="src\MovementSlowSpellEffect.cpp">
      <Filter>src</Filter>
    </ClCompile>
    <ClCompile Include="src\MovementSystem.cpp">
      <Filter>src</Filter>
    </ClCompile>
    <ClCompile Include="src\OnHitSystem.cpp">
      <Filter>src</Filter>
    </ClCompile>
    <ClCompile Include="src\OptionSelector.cpp">
      <Filter>src</Filter>
    </ClCompile>
    <ClCompile Include="src\OptionsState.cpp">
      <Filter>src</Filter>
    </ClCompile>
    <ClCompile Include="src\Parser.cpp">
      <Filter>src</Filter>
    </ClCompile>
    <ClCompile Include="src\Pathfinder.cpp">
      <Filter>src</Filter>
    </ClCompile>
    <ClCompile Include="src\PathFollowSystem.cpp">
      <Filter>src</Filter>
    </ClCompile>
    <ClCompile Include="src\PathRequestSystem.cpp">
      <Filter>src</Filter>
    </ClCompile>
    <ClCompile Include="src\PatrolAISystem.cpp">
      <Filter>src</Filter>
    </ClCompile>
    <ClCompile Include="src\PatrolTask.cpp">
      <Filter>src</Filter>
    </ClCompile>
    <ClCompile Include="src\PlayerResourcesUI.cpp">
      <Filter>src</Filter>
    </ClCompile>
    <ClCompile Include="src\PlayerStatusUI.cpp">
      <Filter>src</Filter>
    </ClCompile>
    <ClCompile Include="src\PositioningAISystem.cpp">
      <Filter>src</Filter>
    </ClCompile>
    <ClCompile Include="src\PositionToAttackTask.cpp">
      <Filter>src</Filter>
    </ClCompile>
    <ClCompile Include="src\ProjectileSpellUpgradeStrategy.cpp">
      <Filter>src</Filter>
    </ClCompile>
    <ClCompile Include="src\ProjectileSystem.cpp">
      <Filter>src</Filter>
    </ClCompile>
    <ClCompile Include="src\RegenerationSystem.cpp">
      <Filter>src</Filter>
    </ClCompile>
    <ClCompile Include="src\RegenerationVisualEffect.cpp">
      <Filter>src</Filter>
    </ClCompile>
    <ClCompile Include="src\RegenSpellUpgradeStrategy.cpp">
      <Filter>src</Filter>
    </ClCompile>
    <ClCompile Include="src\Shop.cpp">
      <Filter>src</Filter>
    </ClCompile>
    <ClCompile Include="src\ShopData.cpp">
      <Filter>src</Filter>
    </ClCompile>
    <ClCompile Include="src\SpellcraftShopCategory.cpp">
      <Filter>src</Filter>
    </ClCompile>
    <ClCompile Include="src\SpellEffectSystem.cpp">
      <Filter>src</Filter>
    </ClCompile>
    <ClCompile Include="src\SpellHolder.cpp">
      <Filter>src</Filter>
    </ClCompile>
    <ClCompile Include="src\SpellSystem.cpp">
      <Filter>src</Filter>
    </ClCompile>
    <ClCompile Include="src\StateManager.cpp">
      <Filter>src</Filter>
    </ClCompile>
    <ClCompile Include="src\StatisticsShopCategory.cpp">
      <Filter>src</Filter>
    </ClCompile>
    <ClCompile Include="src\StatusIconDisplaySystem.cpp">
      <Filter>src</Filter>
    </ClCompile>
    <ClCompile Include="src\SystemManager.cpp">
      <Filter>src</Filter>
    </ClCompile>
    <ClCompile Include="src\TextButton.cpp">
      <Filter>src</Filter>
    </ClCompile>
    <ClCompile Include="src\TickingSpelllEffect.cpp">
      <Filter>src</Filter>
    </ClCompile>
    <ClCompile Include="src\TileFadeSystem.cpp">
      <Filter>src</Filter>
    </ClCompile>
    <ClCompile Include="src\TileMap.cpp">
      <Filter>src</Filter>
    </ClCompile>
    <ClCompile Include="src\TurnToTargetTask.cpp">
      <Filter>src</Filter>
    </ClCompile>
    <ClCompile Include="src\UIComponent.cpp">
      <Filter>src</Filter>
    </ClCompile>
    <ClCompile Include="src\UIManager.cpp">
      <Filter>src</Filter>
    </ClCompile>
    <ClCompile Include="src\Utilities.cpp">
      <Filter>src</Filter>
    </ClCompile>
    <ClCompile Include="src\VisibilitySystem.cpp">
      <Filter>src</Filter>
    </ClCompile>
    <ClCompile Include="src\WaitUntilIdleTask.cpp">
      <Filter>src</Filter>
    </ClCompile>
    <ClCompile Include="src\BladeDanceSpell.cpp">
      <Filter>src</Filter>
    </ClCompile>
    <ClCompile Include="src\AOEUpgradeStrategy.cpp">
      <Filter>src</Filter>
    </ClCompile>
    <ClCompile Include="src\ToxicCloudSpell.cpp">
      <Filter>src</Filter>
    </ClCompile>
    <ClCompile Include="src\ThunderstormSpell.cpp">
      <Filter>src</Filter>
    </ClCompile>
    <ClCompile Include="src\LevelAdvanceSystem.cpp">
      <Filter>src</Filter>
    </ClCompile>
    <ClCompile Include="src\PauseMenuUI.cpp">
      <Filter>src</Filter>
    </ClCompile>
    <ClCompile Include="src\GameOverUI.cpp">
      <Filter>src</Filter>
    </ClCompile>
    <ClCompile Include="src\GameStatisticsSystem.cpp">
      <Filter>src</Filter>
    </ClCompile>
    <ClCompile Include="src\CaveGenerator.cpp">
      <Filter>src</Filter>
    </ClCompile>
    <ClCompile Include="src\RayBehavior.cpp">
      <Filter>src</Filter>
    </ClCompile>
    <ClCompile Include="src\BeamSpell.cpp">
      <Filter>src</Filter>
    </ClCompile>
    <ClCompile Include="src\BeamSystem.cpp">
      <Filter>src</Filter>
    </ClCompile>
    <ClCompile Include="src\CastSpellTask.cpp">
      <Filter>src</Filter>
    </ClCompile>
    <ClCompile Include="src\CreditsState.cpp">
      <Filter>src</Filter>
    </ClCompile>
    <ClCompile Include="src\AboutState.cpp">
      <Filter>src</Filter>
    </ClCompile>
  </ItemGroup>
</Project>