<?xml version="1.0" encoding="utf-8"?>
<Project ToolsVersion="4.0" xmlns="http://schemas.microsoft.com/developer/msbuild/2003">
  <ItemGroup>
    <Filter Include="Source Files">
      <UniqueIdentifier>{4FC737F1-C7A5-4376-A066-2A32D752A2FF}</UniqueIdentifier>
      <Extensions>cpp;c;cc;cxx;c++;cppm;ixx;def;odl;idl;hpj;bat;asm;asmx</Extensions>
    </Filter>
    <Filter Include="Header Files">
      <UniqueIdentifier>{93995380-89BD-4b04-88EB-625FBE52EBFB}</UniqueIdentifier>
      <Extensions>h;hh;hpp;hxx;h++;hm;inl;inc;ipp;xsd</Extensions>
    </Filter>
    <Filter Include="Resource Files">
      <UniqueIdentifier>{67DA6AB6-F800-4c08-8B7A-83BB121AAD01}</UniqueIdentifier>
      <Extensions>rc;ico;cur;bmp;dlg;rc2;rct;bin;rgs;gif;jpg;jpeg;jpe;resx;tiff;tif;png;wav;mfcribbon-ms</Extensions>
    </Filter>
    <Filter Include="Core">
      <UniqueIdentifier>{b9689571-5332-46a4-83f6-a38bbb7a3bc8}</UniqueIdentifier>
    </Filter>
    <Filter Include="Entities">
      <UniqueIdentifier>{19a66fdb-24b2-402c-a979-29fcb0d162e0}</UniqueIdentifier>
    </Filter>
    <Filter Include="AI">
      <UniqueIdentifier>{b59fe30e-dcaa-4764-9fdd-324ff37f1ad4}</UniqueIdentifier>
    </Filter>
    <Filter Include="Systems">
      <UniqueIdentifier>{d5aded07-83e2-4f08-9dff-615cc125d034}</UniqueIdentifier>
    </Filter>
    <Filter Include="Animation">
      <UniqueIdentifier>{d2ac0b06-3c6d-470f-ba39-d5514458f257}</UniqueIdentifier>
    </Filter>
    <Filter Include="Interfaces">
      <UniqueIdentifier>{e078abe5-ff68-4dae-b500-bd295882f3c4}</UniqueIdentifier>
    </Filter>
    <Filter Include="Game Logic">
      <UniqueIdentifier>{b0bfbc68-0738-4544-83cf-6a71f3d4b67d}</UniqueIdentifier>
    </Filter>
    <Filter Include="Map">
      <UniqueIdentifier>{22c5b2e6-fad3-461e-aad0-07792d78d5e4}</UniqueIdentifier>
    </Filter>
    <Filter Include="Utils">
      <UniqueIdentifier>{3558bb1d-2499-43bc-bec1-be0bdc1a5dda}</UniqueIdentifier>
    </Filter>
    <Filter Include="AI\Tasks">
      <UniqueIdentifier>{e34ca9b5-477c-4310-bc6c-8ca42c3fae17}</UniqueIdentifier>
    </Filter>
    <Filter Include="Graphics">
      <UniqueIdentifier>{d5cfe9b6-c28d-4eca-a498-32d3ad0d8b4f}</UniqueIdentifier>
    </Filter>
    <Filter Include="Definitions">
      <UniqueIdentifier>{ef724a64-c36a-4ffb-9ca1-c9964d3d31df}</UniqueIdentifier>
    </Filter>
    <Filter Include="UI">
      <UniqueIdentifier>{b3cc7bf7-5a13-4ccd-a36f-0a393f28b6c8}</UniqueIdentifier>
    </Filter>
  </ItemGroup>
  <ItemGroup>
    <ClCompile Include="Engine.cpp">
      <Filter>Core</Filter>
    </ClCompile>
    <ClCompile Include="main.cpp">
      <Filter>Core</Filter>
    </ClCompile>
    <ClCompile Include="SystemManager.cpp">
      <Filter>Core</Filter>
    </ClCompile>
    <ClCompile Include="Entity.cpp">
      <Filter>Entities</Filter>
    </ClCompile>
    <ClCompile Include="EntityManager.cpp">
      <Filter>Entities</Filter>
    </ClCompile>
    <ClCompile Include="BehaviorAIUpdateSystem.cpp">
      <Filter>AI</Filter>
    </ClCompile>
    <ClCompile Include="ChaseAISystem.cpp">
      <Filter>AI</Filter>
    </ClCompile>
    <ClCompile Include="PatrolAISystem.cpp">
      <Filter>AI</Filter>
    </ClCompile>
    <ClCompile Include="VisibilitySystem.cpp">
      <Filter>Systems</Filter>
    </ClCompile>
    <ClCompile Include="TileFadeSystem.cpp">
      <Filter>Systems</Filter>
    </ClCompile>
    <ClCompile Include="PathRequestSystem.cpp">
      <Filter>Systems</Filter>
    </ClCompile>
    <ClCompile Include="MovementSystem.cpp">
      <Filter>Systems</Filter>
    </ClCompile>
    <ClCompile Include="InputSystem.cpp">
      <Filter>Systems</Filter>
    </ClCompile>
    <ClCompile Include="EntityRenderSystem.cpp">
      <Filter>Systems</Filter>
    </ClCompile>
    <ClCompile Include="CollisionSystem.cpp">
      <Filter>Systems</Filter>
    </ClCompile>
    <ClCompile Include="CameraSystem.cpp">
      <Filter>Systems</Filter>
    </ClCompile>
    <ClCompile Include="AnimationSystem.cpp">
      <Filter>Systems</Filter>
    </ClCompile>
    <ClCompile Include="AnimationHolder.cpp">
      <Filter>Animation</Filter>
    </ClCompile>
    <ClCompile Include="ITask.cpp">
      <Filter>Interfaces</Filter>
    </ClCompile>
    <ClCompile Include="ISystem.cpp">
      <Filter>Interfaces</Filter>
    </ClCompile>
    <ClCompile Include="IState.cpp">
      <Filter>Interfaces</Filter>
    </ClCompile>
    <ClCompile Include="EventManager.cpp">
      <Filter>Game Logic</Filter>
    </ClCompile>
    <ClCompile Include="GameState.cpp">
      <Filter>Game Logic</Filter>
    </ClCompile>
    <ClCompile Include="Pathfinder.cpp">
      <Filter>Game Logic</Filter>
    </ClCompile>
    <ClCompile Include="DungeonGenerator.cpp">
      <Filter>Map</Filter>
    </ClCompile>
    <ClCompile Include="IMapGenerator.cpp">
      <Filter>Map</Filter>
    </ClCompile>
    <ClCompile Include="TileMap.cpp">
      <Filter>Map</Filter>
    </ClCompile>
    <ClCompile Include="FileHandler.cpp">
      <Filter>Core</Filter>
    </ClCompile>
    <ClCompile Include="Parser.cpp">
      <Filter>Core</Filter>
    </ClCompile>
    <ClCompile Include="Utilities.cpp">
      <Filter>Utils</Filter>
    </ClCompile>
    <ClCompile Include="ChaseTask.cpp">
      <Filter>AI\Tasks</Filter>
    </ClCompile>
    <ClCompile Include="DelayTask.cpp">
      <Filter>AI\Tasks</Filter>
    </ClCompile>
    <ClCompile Include="PatrolTask.cpp">
      <Filter>AI\Tasks</Filter>
    </ClCompile>
    <ClCompile Include="WaitUntilIdleTask.cpp">
      <Filter>AI\Tasks</Filter>
    </ClCompile>
    <ClCompile Include="IBehavior.cpp">
      <Filter>Interfaces</Filter>
    </ClCompile>
    <ClCompile Include="BasicMeleeBehavior.cpp">
      <Filter>AI</Filter>
    </ClCompile>
    <ClCompile Include="AttackSystem.cpp">
      <Filter>Systems</Filter>
    </ClCompile>
    <ClCompile Include="AttackTask.cpp">
      <Filter>AI\Tasks</Filter>
    </ClCompile>
    <ClCompile Include="OnHitSystem.cpp">
      <Filter>Systems</Filter>
    </ClCompile>
    <ClCompile Include="EntitySpawnerSystem.cpp">
      <Filter>Systems</Filter>
    </ClCompile>
    <ClCompile Include="EntityDeathSystem.cpp">
      <Filter>Systems</Filter>
    </ClCompile>
    <ClCompile Include="BarRenderSystem.cpp">
      <Filter>Systems</Filter>
    </ClCompile>
    <ClCompile Include="UIComponent.cpp">
      <Filter>UI</Filter>
    </ClCompile>
    <ClCompile Include="UIManager.cpp">
      <Filter>UI</Filter>
    </ClCompile>
    <ClCompile Include="Config.cpp">
      <Filter>Core</Filter>
    </ClCompile>
    <ClCompile Include="PlayerResourcesUI.cpp">
      <Filter>UI</Filter>
    </ClCompile>
    <ClCompile Include="PlayerStatusUI.cpp">
      <Filter>UI</Filter>
    </ClCompile>
    <ClCompile Include="MessageLogUI.cpp">
      <Filter>UI</Filter>
    </ClCompile>
    <ClCompile Include="ActionSelectionUI.cpp">
      <Filter>UI</Filter>
    </ClCompile>
    <ClCompile Include="LoadingState.cpp">
      <Filter>Source Files</Filter>
    </ClCompile>
    <ClCompile Include="StateManager.cpp">
      <Filter>Source Files</Filter>
    </ClCompile>
    <ClCompile Include="EntityDataRepository.cpp">
      <Filter>Source Files</Filter>
    </ClCompile>
    <ClCompile Include="EntityFactory.cpp">
      <Filter>Source Files</Filter>
    </ClCompile>
    <ClCompile Include="RegenerationSystem.cpp">
      <Filter>Source Files</Filter>
    </ClCompile>
    <ClCompile Include="SpellHolder.cpp">
      <Filter>Source Files</Filter>
    </ClCompile>
    <ClCompile Include="SpellSystem.cpp">
      <Filter>Source Files</Filter>
    </ClCompile>
    <ClCompile Include="HealSpellSystem.cpp">
      <Filter>Source Files</Filter>
    </ClCompile>
    <ClCompile Include="EffectSystem.cpp">
      <Filter>Source Files</Filter>
    </ClCompile>
  </ItemGroup>
  <ItemGroup>
    <ClInclude Include="Engine.h">
      <Filter>Core</Filter>
    </ClInclude>
    <ClInclude Include="Config.h">
      <Filter>Core</Filter>
    </ClInclude>
    <ClInclude Include="GameContext.h">
      <Filter>Core</Filter>
    </ClInclude>
    <ClInclude Include="SystemManager.h">
      <Filter>Core</Filter>
    </ClInclude>
    <ClInclude Include="SystemContext.h">
      <Filter>Core</Filter>
    </ClInclude>
    <ClInclude Include="pch.h">
      <Filter>Core</Filter>
    </ClInclude>
    <ClInclude Include="Entity.h">
      <Filter>Entities</Filter>
    </ClInclude>
    <ClInclude Include="EntityManager.h">
      <Filter>Entities</Filter>
    </ClInclude>
    <ClInclude Include="BehaviorAIUpdateSystem.h">
      <Filter>AI</Filter>
    </ClInclude>
    <ClInclude Include="ChaseAISystem.h">
      <Filter>AI</Filter>
    </ClInclude>
    <ClInclude Include="PatrolAISystem.h">
      <Filter>AI</Filter>
    </ClInclude>
    <ClInclude Include="EntityAIState.h">
      <Filter>AI</Filter>
    </ClInclude>
    <ClInclude Include="VisibilitySystem.h">
      <Filter>Systems</Filter>
    </ClInclude>
    <ClInclude Include="TileFadeSystem.h">
      <Filter>Systems</Filter>
    </ClInclude>
    <ClInclude Include="PathRequestSystem.h">
      <Filter>Systems</Filter>
    </ClInclude>
    <ClInclude Include="InputSystem.h">
      <Filter>Systems</Filter>
    </ClInclude>
    <ClInclude Include="MovementSystem.h">
      <Filter>Systems</Filter>
    </ClInclude>
    <ClInclude Include="AnimationSystem.h">
      <Filter>Systems</Filter>
    </ClInclude>
    <ClInclude Include="CollisionSystem.h">
      <Filter>Systems</Filter>
    </ClInclude>
    <ClInclude Include="CameraSystem.h">
      <Filter>Systems</Filter>
    </ClInclude>
    <ClInclude Include="EntityRenderSystem.h">
      <Filter>Systems</Filter>
    </ClInclude>
    <ClInclude Include="AnimationFrame.h">
      <Filter>Animation</Filter>
    </ClInclude>
    <ClInclude Include="AnimationHolder.h">
      <Filter>Animation</Filter>
    </ClInclude>
    <ClInclude Include="AnimationIdentifiers.h">
      <Filter>Animation</Filter>
    </ClInclude>
    <ClInclude Include="IState.h">
      <Filter>Interfaces</Filter>
    </ClInclude>
    <ClInclude Include="ISystem.h">
      <Filter>Interfaces</Filter>
    </ClInclude>
    <ClInclude Include="ITask.h">
      <Filter>Interfaces</Filter>
    </ClInclude>
    <ClInclude Include="TextureIdentifiers.h">
      <Filter>Graphics</Filter>
    </ClInclude>
    <ClInclude Include="FontIdentifiers.h">
      <Filter>Graphics</Filter>
    </ClInclude>
    <ClInclude Include="AssetManager.h">
      <Filter>Graphics</Filter>
    </ClInclude>
    <ClInclude Include="GameState.h">
      <Filter>Game Logic</Filter>
    </ClInclude>
    <ClInclude Include="EventManager.h">
      <Filter>Game Logic</Filter>
    </ClInclude>
    <ClInclude Include="IMapGenerator.h">
      <Filter>Map</Filter>
    </ClInclude>
    <ClInclude Include="DungeonGenerator.h">
      <Filter>Map</Filter>
    </ClInclude>
    <ClInclude Include="Pathfinder.h">
      <Filter>Game Logic</Filter>
    </ClInclude>
    <ClInclude Include="Tile.h">
      <Filter>Map</Filter>
    </ClInclude>
    <ClInclude Include="TileMap.h">
      <Filter>Map</Filter>
    </ClInclude>
    <ClInclude Include="FileHandler.h">
      <Filter>Core</Filter>
    </ClInclude>
    <ClInclude Include="Parser.h">
      <Filter>Core</Filter>
    </ClInclude>
    <ClInclude Include="Random.h">
      <Filter>Core</Filter>
    </ClInclude>
    <ClInclude Include="Utilities.h">
      <Filter>Utils</Filter>
    </ClInclude>
    <ClInclude Include="ConceptDefinitions.h">
      <Filter>Definitions</Filter>
    </ClInclude>
    <ClInclude Include="Directions.h">
      <Filter>Definitions</Filter>
    </ClInclude>
    <ClInclude Include="EntityTypes.h">
      <Filter>Definitions</Filter>
    </ClInclude>
    <ClInclude Include="EntityStates.h">
      <Filter>Definitions</Filter>
    </ClInclude>
    <ClInclude Include="Components.h">
      <Filter>Definitions</Filter>
    </ClInclude>
    <ClInclude Include="TileTypes.h">
      <Filter>Definitions</Filter>
    </ClInclude>
    <ClInclude Include="ChaseTask.h">
      <Filter>AI\Tasks</Filter>
    </ClInclude>
    <ClInclude Include="DelayTask.h">
      <Filter>AI\Tasks</Filter>
    </ClInclude>
    <ClInclude Include="PatrolTask.h">
      <Filter>AI\Tasks</Filter>
    </ClInclude>
    <ClInclude Include="WaitUntilIdleTask.h">
      <Filter>AI\Tasks</Filter>
    </ClInclude>
    <ClInclude Include="BehaviorContext.h">
      <Filter>Core</Filter>
    </ClInclude>
    <ClInclude Include="IBehavior.h">
      <Filter>Interfaces</Filter>
    </ClInclude>
    <ClInclude Include="BasicMeleeBehavior.h">
      <Filter>AI</Filter>
    </ClInclude>
    <ClInclude Include="AttackData.h">
      <Filter>Definitions</Filter>
    </ClInclude>
    <ClInclude Include="AttackSystem.h">
      <Filter>Systems</Filter>
    </ClInclude>
    <ClInclude Include="AttackTask.h">
      <Filter>AI\Tasks</Filter>
    </ClInclude>
    <ClInclude Include="OnHitSystem.h">
      <Filter>Systems</Filter>
    </ClInclude>
    <ClInclude Include="GameEvents.h">
      <Filter>Definitions</Filter>
    </ClInclude>
    <ClInclude Include="EntitySpawnerSystem.h">
      <Filter>Systems</Filter>
    </ClInclude>
    <ClInclude Include="EntityDeathSystem.h">
      <Filter>Systems</Filter>
    </ClInclude>
    <ClInclude Include="BarRenderSystem.h">
      <Filter>Systems</Filter>
    </ClInclude>
    <ClInclude Include="UIManager.h">
      <Filter>UI</Filter>
    </ClInclude>
    <ClInclude Include="UIComponent.h">
      <Filter>UI</Filter>
    </ClInclude>
    <ClInclude Include="PlayerStatusUI.h">
      <Filter>UI</Filter>
    </ClInclude>
    <ClInclude Include="PlayerResourcesUI.h">
      <Filter>UI</Filter>
    </ClInclude>
    <ClInclude Include="MessageLogUI.h">
      <Filter>UI</Filter>
    </ClInclude>
    <ClInclude Include="MessageTypes.h">
      <Filter>Definitions</Filter>
    </ClInclude>
    <ClInclude Include="ActionSelectionUI.h">
      <Filter>UI</Filter>
    </ClInclude>
    <ClInclude Include="LoadingState.h">
      <Filter>Header Files</Filter>
    </ClInclude>
    <ClInclude Include="StateManager.h">
      <Filter>Header Files</Filter>
    </ClInclude>
    <ClInclude Include="StateIdentifiers.h">
      <Filter>Definitions</Filter>
    </ClInclude>
    <ClInclude Include="EntityDataRepository.h">
      <Filter>Header Files</Filter>
    </ClInclude>
    <ClInclude Include="EntityFactory.h">
      <Filter>Header Files</Filter>
    </ClInclude>
    <ClInclude Include="RegenerationSystem.h">
      <Filter>Header Files</Filter>
    </ClInclude>
    <ClInclude Include="SpellIdentifiers.h">
      <Filter>Header Files</Filter>
    </ClInclude>
    <ClInclude Include="SpellHolder.h">
      <Filter>Header Files</Filter>
    </ClInclude>
    <ClInclude Include="SpellData.h">
      <Filter>Header Files</Filter>
    </ClInclude>
    <ClInclude Include="SpellSystem.h">
      <Filter>Header Files</Filter>
    </ClInclude>
    <ClInclude Include="HealSpellSystem.h">
      <Filter>Header Files</Filter>
    </ClInclude>
    <ClInclude Include="EffectSystem.h">
      <Filter>Header Files</Filter>
    </ClInclude>
  </ItemGroup>
</Project>